// !$*UTF8*$!
{
	archiveVersion = 1;
	classes = {
	};
	objectVersion = 50;
	objects = {

/* Begin PBXBuildFile section */
		65ECCDE95D84AAA4DB018876 /* libPods-JsonTransitionToModel.a in Frameworks */ = {isa = PBXBuildFile; fileRef = 9698AA11A3F950C5A4A7D04B /* libPods-JsonTransitionToModel.a */; };
		BA3AF5E4A88D048FFD90D412 /* libPods-JsonTransitionToModelTests.a in Frameworks */ = {isa = PBXBuildFile; fileRef = 767F1AA36C73615C10529EA7 /* libPods-JsonTransitionToModelTests.a */; };
		DC8FE1DA21913529009BD458 /* TestJson2 in Resources */ = {isa = PBXBuildFile; fileRef = DC8FE1D921913529009BD458 /* TestJson2 */; };
		DC8FE1DD21913A3A009BD458 /* First.m in Sources */ = {isa = PBXBuildFile; fileRef = DC8FE1DB21913A3A009BD458 /* First.m */; };
		DCC64546217DA0B5008C8A46 /* AppDelegate.m in Sources */ = {isa = PBXBuildFile; fileRef = DCC64545217DA0B5008C8A46 /* AppDelegate.m */; };
		DCC64549217DA0B5008C8A46 /* ViewController.m in Sources */ = {isa = PBXBuildFile; fileRef = DCC64548217DA0B5008C8A46 /* ViewController.m */; };
		DCC6454B217DA0B7008C8A46 /* Assets.xcassets in Resources */ = {isa = PBXBuildFile; fileRef = DCC6454A217DA0B7008C8A46 /* Assets.xcassets */; };
		DCC6454E217DA0B7008C8A46 /* Main.storyboard in Resources */ = {isa = PBXBuildFile; fileRef = DCC6454C217DA0B7008C8A46 /* Main.storyboard */; };
		DCC64551217DA0B7008C8A46 /* main.m in Sources */ = {isa = PBXBuildFile; fileRef = DCC64550217DA0B7008C8A46 /* main.m */; };
		DCC6455C217DA0B8008C8A46 /* JsonTransitionToModelTests.m in Sources */ = {isa = PBXBuildFile; fileRef = DCC6455B217DA0B8008C8A46 /* JsonTransitionToModelTests.m */; };
		DCC64567217DA0B8008C8A46 /* JsonTransitionToModelUITests.m in Sources */ = {isa = PBXBuildFile; fileRef = DCC64566217DA0B8008C8A46 /* JsonTransitionToModelUITests.m */; };
		DCC64576217DA259008C8A46 /* MainSplitController.m in Sources */ = {isa = PBXBuildFile; fileRef = DCC64575217DA259008C8A46 /* MainSplitController.m */; };
		DCC64579217DA39A008C8A46 /* HeaderController.m in Sources */ = {isa = PBXBuildFile; fileRef = DCC64578217DA39A008C8A46 /* HeaderController.m */; };
		DCC6457C217DA3AF008C8A46 /* ImplentController.m in Sources */ = {isa = PBXBuildFile; fileRef = DCC6457B217DA3AF008C8A46 /* ImplentController.m */; };
		DCC64584217DA3E1008C8A46 /* MainFuncController.m in Sources */ = {isa = PBXBuildFile; fileRef = DCC64583217DA3E1008C8A46 /* MainFuncController.m */; };
		DCF652DF21869FBA00DACECA /* GenerateFileHelper.m in Sources */ = {isa = PBXBuildFile; fileRef = DCF652DE21869FBA00DACECA /* GenerateFileHelper.m */; };
		DCF652E52186A33D00DACECA /* NSDate+Simple.m in Sources */ = {isa = PBXBuildFile; fileRef = DCF652E42186A33D00DACECA /* NSDate+Simple.m */; };
		DCF652ED21897EB000DACECA /* TestJson in Resources */ = {isa = PBXBuildFile; fileRef = DCF652EC21897EB000DACECA /* TestJson */; };
		FD3F7A704276FBC0FCC508AA /* libPods-JsonTransitionToModelUITests.a in Frameworks */ = {isa = PBXBuildFile; fileRef = B83B2DC6A6BD6FA7AAC05E3B /* libPods-JsonTransitionToModelUITests.a */; };
/* End PBXBuildFile section */

/* Begin PBXContainerItemProxy section */
		DCC64558217DA0B8008C8A46 /* PBXContainerItemProxy */ = {
			isa = PBXContainerItemProxy;
			containerPortal = DCC64539217DA0B5008C8A46 /* Project object */;
			proxyType = 1;
			remoteGlobalIDString = DCC64540217DA0B5008C8A46;
			remoteInfo = JsonTransitionToModel;
		};
		DCC64563217DA0B8008C8A46 /* PBXContainerItemProxy */ = {
			isa = PBXContainerItemProxy;
			containerPortal = DCC64539217DA0B5008C8A46 /* Project object */;
			proxyType = 1;
			remoteGlobalIDString = DCC64540217DA0B5008C8A46;
			remoteInfo = JsonTransitionToModel;
		};
/* End PBXContainerItemProxy section */

/* Begin PBXFileReference section */
		09CB12D48D486BCD0A5E5472 /* Pods-JsonTransitionToModel.release.xcconfig */ = {isa = PBXFileReference; includeInIndex = 1; lastKnownFileType = text.xcconfig; name = "Pods-JsonTransitionToModel.release.xcconfig"; path = "Pods/Target Support Files/Pods-JsonTransitionToModel/Pods-JsonTransitionToModel.release.xcconfig"; sourceTree = "<group>"; };
		17E72230B2E8FE1333CB5F92 /* Pods-JsonTransitionToModel.debug.xcconfig */ = {isa = PBXFileReference; includeInIndex = 1; lastKnownFileType = text.xcconfig; name = "Pods-JsonTransitionToModel.debug.xcconfig"; path = "Pods/Target Support Files/Pods-JsonTransitionToModel/Pods-JsonTransitionToModel.debug.xcconfig"; sourceTree = "<group>"; };
		1C086AF2908CD2EEC6D2C9B3 /* Pods-JsonTransitionToModelTests.debug.xcconfig */ = {isa = PBXFileReference; includeInIndex = 1; lastKnownFileType = text.xcconfig; name = "Pods-JsonTransitionToModelTests.debug.xcconfig"; path = "Pods/Target Support Files/Pods-JsonTransitionToModelTests/Pods-JsonTransitionToModelTests.debug.xcconfig"; sourceTree = "<group>"; };
		27534F325CE7C185A033ABCA /* Pods-JsonTransitionToModelTests.release.xcconfig */ = {isa = PBXFileReference; includeInIndex = 1; lastKnownFileType = text.xcconfig; name = "Pods-JsonTransitionToModelTests.release.xcconfig"; path = "Pods/Target Support Files/Pods-JsonTransitionToModelTests/Pods-JsonTransitionToModelTests.release.xcconfig"; sourceTree = "<group>"; };
		4B522A2ECC5617C69E33119F /* Pods-JsonTransitionToModelUITests.debug.xcconfig */ = {isa = PBXFileReference; includeInIndex = 1; lastKnownFileType = text.xcconfig; name = "Pods-JsonTransitionToModelUITests.debug.xcconfig"; path = "Pods/Target Support Files/Pods-JsonTransitionToModelUITests/Pods-JsonTransitionToModelUITests.debug.xcconfig"; sourceTree = "<group>"; };
		5E33243BD6938BA5D74F9C0B /* Pods-JsonTransitionToModelUITests.release.xcconfig */ = {isa = PBXFileReference; includeInIndex = 1; lastKnownFileType = text.xcconfig; name = "Pods-JsonTransitionToModelUITests.release.xcconfig"; path = "Pods/Target Support Files/Pods-JsonTransitionToModelUITests/Pods-JsonTransitionToModelUITests.release.xcconfig"; sourceTree = "<group>"; };
		767F1AA36C73615C10529EA7 /* libPods-JsonTransitionToModelTests.a */ = {isa = PBXFileReference; explicitFileType = archive.ar; includeInIndex = 0; path = "libPods-JsonTransitionToModelTests.a"; sourceTree = BUILT_PRODUCTS_DIR; };
		9698AA11A3F950C5A4A7D04B /* libPods-JsonTransitionToModel.a */ = {isa = PBXFileReference; explicitFileType = archive.ar; includeInIndex = 0; path = "libPods-JsonTransitionToModel.a"; sourceTree = BUILT_PRODUCTS_DIR; };
		B83B2DC6A6BD6FA7AAC05E3B /* libPods-JsonTransitionToModelUITests.a */ = {isa = PBXFileReference; explicitFileType = archive.ar; includeInIndex = 0; path = "libPods-JsonTransitionToModelUITests.a"; sourceTree = BUILT_PRODUCTS_DIR; };
		DC8FE1D921913529009BD458 /* TestJson2 */ = {isa = PBXFileReference; lastKnownFileType = text; path = TestJson2; sourceTree = "<group>"; };
		DC8FE1DB21913A3A009BD458 /* First.m */ = {isa = PBXFileReference; fileEncoding = 4; lastKnownFileType = sourcecode.c.objc; path = First.m; sourceTree = "<group>"; };
		DC8FE1DC21913A3A009BD458 /* First.h */ = {isa = PBXFileReference; fileEncoding = 4; lastKnownFileType = sourcecode.c.h; path = First.h; sourceTree = "<group>"; };
		DCC64541217DA0B5008C8A46 /* JsonTransitionToModel.app */ = {isa = PBXFileReference; explicitFileType = wrapper.application; includeInIndex = 0; path = JsonTransitionToModel.app; sourceTree = BUILT_PRODUCTS_DIR; };
		DCC64544217DA0B5008C8A46 /* AppDelegate.h */ = {isa = PBXFileReference; lastKnownFileType = sourcecode.c.h; path = AppDelegate.h; sourceTree = "<group>"; };
		DCC64545217DA0B5008C8A46 /* AppDelegate.m */ = {isa = PBXFileReference; lastKnownFileType = sourcecode.c.objc; path = AppDelegate.m; sourceTree = "<group>"; };
		DCC64547217DA0B5008C8A46 /* ViewController.h */ = {isa = PBXFileReference; lastKnownFileType = sourcecode.c.h; path = ViewController.h; sourceTree = "<group>"; };
		DCC64548217DA0B5008C8A46 /* ViewController.m */ = {isa = PBXFileReference; lastKnownFileType = sourcecode.c.objc; path = ViewController.m; sourceTree = "<group>"; };
		DCC6454A217DA0B7008C8A46 /* Assets.xcassets */ = {isa = PBXFileReference; lastKnownFileType = folder.assetcatalog; path = Assets.xcassets; sourceTree = "<group>"; };
		DCC6454D217DA0B7008C8A46 /* Base */ = {isa = PBXFileReference; lastKnownFileType = file.storyboard; name = Base; path = Base.lproj/Main.storyboard; sourceTree = "<group>"; };
		DCC6454F217DA0B7008C8A46 /* Info.plist */ = {isa = PBXFileReference; lastKnownFileType = text.plist.xml; path = Info.plist; sourceTree = "<group>"; };
		DCC64550217DA0B7008C8A46 /* main.m */ = {isa = PBXFileReference; lastKnownFileType = sourcecode.c.objc; path = main.m; sourceTree = "<group>"; };
		DCC64552217DA0B7008C8A46 /* JsonTransitionToModel.entitlements */ = {isa = PBXFileReference; lastKnownFileType = text.plist.entitlements; path = JsonTransitionToModel.entitlements; sourceTree = "<group>"; };
		DCC64557217DA0B8008C8A46 /* JsonTransitionToModelTests.xctest */ = {isa = PBXFileReference; explicitFileType = wrapper.cfbundle; includeInIndex = 0; path = JsonTransitionToModelTests.xctest; sourceTree = BUILT_PRODUCTS_DIR; };
		DCC6455B217DA0B8008C8A46 /* JsonTransitionToModelTests.m */ = {isa = PBXFileReference; lastKnownFileType = sourcecode.c.objc; path = JsonTransitionToModelTests.m; sourceTree = "<group>"; };
		DCC6455D217DA0B8008C8A46 /* Info.plist */ = {isa = PBXFileReference; lastKnownFileType = text.plist.xml; path = Info.plist; sourceTree = "<group>"; };
		DCC64562217DA0B8008C8A46 /* JsonTransitionToModelUITests.xctest */ = {isa = PBXFileReference; explicitFileType = wrapper.cfbundle; includeInIndex = 0; path = JsonTransitionToModelUITests.xctest; sourceTree = BUILT_PRODUCTS_DIR; };
		DCC64566217DA0B8008C8A46 /* JsonTransitionToModelUITests.m */ = {isa = PBXFileReference; lastKnownFileType = sourcecode.c.objc; path = JsonTransitionToModelUITests.m; sourceTree = "<group>"; };
		DCC64568217DA0B8008C8A46 /* Info.plist */ = {isa = PBXFileReference; lastKnownFileType = text.plist.xml; path = Info.plist; sourceTree = "<group>"; };
		DCC64574217DA259008C8A46 /* MainSplitController.h */ = {isa = PBXFileReference; lastKnownFileType = sourcecode.c.h; path = MainSplitController.h; sourceTree = "<group>"; };
		DCC64575217DA259008C8A46 /* MainSplitController.m */ = {isa = PBXFileReference; lastKnownFileType = sourcecode.c.objc; path = MainSplitController.m; sourceTree = "<group>"; };
		DCC64577217DA39A008C8A46 /* HeaderController.h */ = {isa = PBXFileReference; lastKnownFileType = sourcecode.c.h; path = HeaderController.h; sourceTree = "<group>"; };
		DCC64578217DA39A008C8A46 /* HeaderController.m */ = {isa = PBXFileReference; lastKnownFileType = sourcecode.c.objc; path = HeaderController.m; sourceTree = "<group>"; };
		DCC6457A217DA3AF008C8A46 /* ImplentController.h */ = {isa = PBXFileReference; lastKnownFileType = sourcecode.c.h; path = ImplentController.h; sourceTree = "<group>"; };
		DCC6457B217DA3AF008C8A46 /* ImplentController.m */ = {isa = PBXFileReference; lastKnownFileType = sourcecode.c.objc; path = ImplentController.m; sourceTree = "<group>"; };
		DCC64582217DA3E1008C8A46 /* MainFuncController.h */ = {isa = PBXFileReference; lastKnownFileType = sourcecode.c.h; path = MainFuncController.h; sourceTree = "<group>"; };
		DCC64583217DA3E1008C8A46 /* MainFuncController.m */ = {isa = PBXFileReference; lastKnownFileType = sourcecode.c.objc; path = MainFuncController.m; sourceTree = "<group>"; };
		DCF652DD21869FBA00DACECA /* GenerateFileHelper.h */ = {isa = PBXFileReference; lastKnownFileType = sourcecode.c.h; path = GenerateFileHelper.h; sourceTree = "<group>"; };
		DCF652DE21869FBA00DACECA /* GenerateFileHelper.m */ = {isa = PBXFileReference; lastKnownFileType = sourcecode.c.objc; path = GenerateFileHelper.m; sourceTree = "<group>"; };
		DCF652E32186A33D00DACECA /* NSDate+Simple.h */ = {isa = PBXFileReference; lastKnownFileType = sourcecode.c.h; path = "NSDate+Simple.h"; sourceTree = "<group>"; };
		DCF652E42186A33D00DACECA /* NSDate+Simple.m */ = {isa = PBXFileReference; lastKnownFileType = sourcecode.c.objc; path = "NSDate+Simple.m"; sourceTree = "<group>"; };
		DCF652EC21897EB000DACECA /* TestJson */ = {isa = PBXFileReference; lastKnownFileType = text; path = TestJson; sourceTree = "<group>"; };
/* End PBXFileReference section */

/* Begin PBXFrameworksBuildPhase section */
		DCC6453E217DA0B5008C8A46 /* Frameworks */ = {
			isa = PBXFrameworksBuildPhase;
			buildActionMask = 2147483647;
			files = (
				65ECCDE95D84AAA4DB018876 /* libPods-JsonTransitionToModel.a in Frameworks */,
			);
			runOnlyForDeploymentPostprocessing = 0;
		};
		DCC64554217DA0B8008C8A46 /* Frameworks */ = {
			isa = PBXFrameworksBuildPhase;
			buildActionMask = 2147483647;
			files = (
				BA3AF5E4A88D048FFD90D412 /* libPods-JsonTransitionToModelTests.a in Frameworks */,
			);
			runOnlyForDeploymentPostprocessing = 0;
		};
		DCC6455F217DA0B8008C8A46 /* Frameworks */ = {
			isa = PBXFrameworksBuildPhase;
			buildActionMask = 2147483647;
			files = (
				FD3F7A704276FBC0FCC508AA /* libPods-JsonTransitionToModelUITests.a in Frameworks */,
			);
			runOnlyForDeploymentPostprocessing = 0;
		};
/* End PBXFrameworksBuildPhase section */

/* Begin PBXGroup section */
		0EE98A4821F12BF8F9F1E7D6 /* Frameworks */ = {
			isa = PBXGroup;
			children = (
				9698AA11A3F950C5A4A7D04B /* libPods-JsonTransitionToModel.a */,
				767F1AA36C73615C10529EA7 /* libPods-JsonTransitionToModelTests.a */,
				B83B2DC6A6BD6FA7AAC05E3B /* libPods-JsonTransitionToModelUITests.a */,
			);
			name = Frameworks;
			sourceTree = "<group>";
		};
		838B104664CFA3583629F85B /* Pods */ = {
			isa = PBXGroup;
			children = (
				17E72230B2E8FE1333CB5F92 /* Pods-JsonTransitionToModel.debug.xcconfig */,
				09CB12D48D486BCD0A5E5472 /* Pods-JsonTransitionToModel.release.xcconfig */,
				1C086AF2908CD2EEC6D2C9B3 /* Pods-JsonTransitionToModelTests.debug.xcconfig */,
				27534F325CE7C185A033ABCA /* Pods-JsonTransitionToModelTests.release.xcconfig */,
				4B522A2ECC5617C69E33119F /* Pods-JsonTransitionToModelUITests.debug.xcconfig */,
				5E33243BD6938BA5D74F9C0B /* Pods-JsonTransitionToModelUITests.release.xcconfig */,
			);
			name = Pods;
			sourceTree = "<group>";
		};
		DCC64538217DA0B5008C8A46 = {
			isa = PBXGroup;
			children = (
				DCC64543217DA0B5008C8A46 /* JsonTransitionToModel */,
				DCC6455A217DA0B8008C8A46 /* JsonTransitionToModelTests */,
				DCC64565217DA0B8008C8A46 /* JsonTransitionToModelUITests */,
				DCC64542217DA0B5008C8A46 /* Products */,
				838B104664CFA3583629F85B /* Pods */,
				0EE98A4821F12BF8F9F1E7D6 /* Frameworks */,
			);
			sourceTree = "<group>";
		};
		DCC64542217DA0B5008C8A46 /* Products */ = {
			isa = PBXGroup;
			children = (
				DCC64541217DA0B5008C8A46 /* JsonTransitionToModel.app */,
				DCC64557217DA0B8008C8A46 /* JsonTransitionToModelTests.xctest */,
				DCC64562217DA0B8008C8A46 /* JsonTransitionToModelUITests.xctest */,
			);
			name = Products;
			sourceTree = "<group>";
		};
		DCC64543217DA0B5008C8A46 /* JsonTransitionToModel */ = {
			isa = PBXGroup;
			children = (
				DCC64544217DA0B5008C8A46 /* AppDelegate.h */,
				DCC64545217DA0B5008C8A46 /* AppDelegate.m */,
				DCC64547217DA0B5008C8A46 /* ViewController.h */,
				DCC64548217DA0B5008C8A46 /* ViewController.m */,
				DCC64574217DA259008C8A46 /* MainSplitController.h */,
				DCC64575217DA259008C8A46 /* MainSplitController.m */,
				DCC64582217DA3E1008C8A46 /* MainFuncController.h */,
				DCC64583217DA3E1008C8A46 /* MainFuncController.m */,
				DCC64577217DA39A008C8A46 /* HeaderController.h */,
				DCC64578217DA39A008C8A46 /* HeaderController.m */,
				DCC6457A217DA3AF008C8A46 /* ImplentController.h */,
				DCC6457B217DA3AF008C8A46 /* ImplentController.m */,
				DCF652DD21869FBA00DACECA /* GenerateFileHelper.h */,
				DCF652DE21869FBA00DACECA /* GenerateFileHelper.m */,
				DCF652E32186A33D00DACECA /* NSDate+Simple.h */,
				DCF652E42186A33D00DACECA /* NSDate+Simple.m */,
				DC8FE1DC21913A3A009BD458 /* First.h */,
				DC8FE1DB21913A3A009BD458 /* First.m */,
				DCC6454A217DA0B7008C8A46 /* Assets.xcassets */,
				DCC6454C217DA0B7008C8A46 /* Main.storyboard */,
				DCC6454F217DA0B7008C8A46 /* Info.plist */,
				DCC64550217DA0B7008C8A46 /* main.m */,
				DCF652EC21897EB000DACECA /* TestJson */,
				DC8FE1D921913529009BD458 /* TestJson2 */,
				DCC64552217DA0B7008C8A46 /* JsonTransitionToModel.entitlements */,
			);
			path = JsonTransitionToModel;
			sourceTree = "<group>";
		};
		DCC6455A217DA0B8008C8A46 /* JsonTransitionToModelTests */ = {
			isa = PBXGroup;
			children = (
				DCC6455B217DA0B8008C8A46 /* JsonTransitionToModelTests.m */,
				DCC6455D217DA0B8008C8A46 /* Info.plist */,
			);
			path = JsonTransitionToModelTests;
			sourceTree = "<group>";
		};
		DCC64565217DA0B8008C8A46 /* JsonTransitionToModelUITests */ = {
			isa = PBXGroup;
			children = (
				DCC64566217DA0B8008C8A46 /* JsonTransitionToModelUITests.m */,
				DCC64568217DA0B8008C8A46 /* Info.plist */,
			);
			path = JsonTransitionToModelUITests;
			sourceTree = "<group>";
		};
/* End PBXGroup section */

/* Begin PBXNativeTarget section */
		DCC64540217DA0B5008C8A46 /* JsonTransitionToModel */ = {
			isa = PBXNativeTarget;
			buildConfigurationList = DCC6456B217DA0B8008C8A46 /* Build configuration list for PBXNativeTarget "JsonTransitionToModel" */;
			buildPhases = (
				035B809A86CE8FE55D75C52E /* [CP] Check Pods Manifest.lock */,
				DCC6453D217DA0B5008C8A46 /* Sources */,
				DCC6453E217DA0B5008C8A46 /* Frameworks */,
				DCC6453F217DA0B5008C8A46 /* Resources */,
			);
			buildRules = (
			);
			dependencies = (
			);
			name = JsonTransitionToModel;
			productName = JsonTransitionToModel;
			productReference = DCC64541217DA0B5008C8A46 /* JsonTransitionToModel.app */;
			productType = "com.apple.product-type.application";
		};
		DCC64556217DA0B8008C8A46 /* JsonTransitionToModelTests */ = {
			isa = PBXNativeTarget;
			buildConfigurationList = DCC6456E217DA0B8008C8A46 /* Build configuration list for PBXNativeTarget "JsonTransitionToModelTests" */;
			buildPhases = (
				7D8A766A3E4146A353E422F2 /* [CP] Check Pods Manifest.lock */,
				DCC64553217DA0B8008C8A46 /* Sources */,
				DCC64554217DA0B8008C8A46 /* Frameworks */,
				DCC64555217DA0B8008C8A46 /* Resources */,
			);
			buildRules = (
			);
			dependencies = (
				DCC64559217DA0B8008C8A46 /* PBXTargetDependency */,
			);
			name = JsonTransitionToModelTests;
			productName = JsonTransitionToModelTests;
			productReference = DCC64557217DA0B8008C8A46 /* JsonTransitionToModelTests.xctest */;
			productType = "com.apple.product-type.bundle.unit-test";
		};
		DCC64561217DA0B8008C8A46 /* JsonTransitionToModelUITests */ = {
			isa = PBXNativeTarget;
			buildConfigurationList = DCC64571217DA0B8008C8A46 /* Build configuration list for PBXNativeTarget "JsonTransitionToModelUITests" */;
			buildPhases = (
				83FAD2869B7A4F2BDBD7CD35 /* [CP] Check Pods Manifest.lock */,
				DCC6455E217DA0B8008C8A46 /* Sources */,
				DCC6455F217DA0B8008C8A46 /* Frameworks */,
				DCC64560217DA0B8008C8A46 /* Resources */,
			);
			buildRules = (
			);
			dependencies = (
				DCC64564217DA0B8008C8A46 /* PBXTargetDependency */,
			);
			name = JsonTransitionToModelUITests;
			productName = JsonTransitionToModelUITests;
			productReference = DCC64562217DA0B8008C8A46 /* JsonTransitionToModelUITests.xctest */;
			productType = "com.apple.product-type.bundle.ui-testing";
		};
/* End PBXNativeTarget section */

/* Begin PBXProject section */
		DCC64539217DA0B5008C8A46 /* Project object */ = {
			isa = PBXProject;
			attributes = {
				LastUpgradeCheck = 1000;
				ORGANIZATIONNAME = langlib;
				TargetAttributes = {
					DCC64540217DA0B5008C8A46 = {
						CreatedOnToolsVersion = 10.0;
					};
					DCC64556217DA0B8008C8A46 = {
						CreatedOnToolsVersion = 10.0;
						TestTargetID = DCC64540217DA0B5008C8A46;
					};
					DCC64561217DA0B8008C8A46 = {
						CreatedOnToolsVersion = 10.0;
						TestTargetID = DCC64540217DA0B5008C8A46;
					};
				};
			};
			buildConfigurationList = DCC6453C217DA0B5008C8A46 /* Build configuration list for PBXProject "JsonTransitionToModel" */;
			compatibilityVersion = "Xcode 9.3";
			developmentRegion = en;
			hasScannedForEncodings = 0;
			knownRegions = (
				en,
				Base,
			);
			mainGroup = DCC64538217DA0B5008C8A46;
			productRefGroup = DCC64542217DA0B5008C8A46 /* Products */;
			projectDirPath = "";
			projectRoot = "";
			targets = (
				DCC64540217DA0B5008C8A46 /* JsonTransitionToModel */,
				DCC64556217DA0B8008C8A46 /* JsonTransitionToModelTests */,
				DCC64561217DA0B8008C8A46 /* JsonTransitionToModelUITests */,
			);
		};
/* End PBXProject section */

/* Begin PBXResourcesBuildPhase section */
		DCC6453F217DA0B5008C8A46 /* Resources */ = {
			isa = PBXResourcesBuildPhase;
			buildActionMask = 2147483647;
			files = (
				DCC6454B217DA0B7008C8A46 /* Assets.xcassets in Resources */,
				DC8FE1DA21913529009BD458 /* TestJson2 in Resources */,
				DCF652ED21897EB000DACECA /* TestJson in Resources */,
				DCC6454E217DA0B7008C8A46 /* Main.storyboard in Resources */,
			);
			runOnlyForDeploymentPostprocessing = 0;
		};
		DCC64555217DA0B8008C8A46 /* Resources */ = {
			isa = PBXResourcesBuildPhase;
			buildActionMask = 2147483647;
			files = (
			);
			runOnlyForDeploymentPostprocessing = 0;
		};
		DCC64560217DA0B8008C8A46 /* Resources */ = {
			isa = PBXResourcesBuildPhase;
			buildActionMask = 2147483647;
			files = (
			);
			runOnlyForDeploymentPostprocessing = 0;
		};
/* End PBXResourcesBuildPhase section */

/* Begin PBXShellScriptBuildPhase section */
		035B809A86CE8FE55D75C52E /* [CP] Check Pods Manifest.lock */ = {
			isa = PBXShellScriptBuildPhase;
			buildActionMask = 2147483647;
			files = (
			);
			inputFileListPaths = (
			);
			inputPaths = (
				"${PODS_PODFILE_DIR_PATH}/Podfile.lock",
				"${PODS_ROOT}/Manifest.lock",
			);
			name = "[CP] Check Pods Manifest.lock";
			outputFileListPaths = (
			);
			outputPaths = (
				"$(DERIVED_FILE_DIR)/Pods-JsonTransitionToModel-checkManifestLockResult.txt",
			);
			runOnlyForDeploymentPostprocessing = 0;
			shellPath = /bin/sh;
			shellScript = "diff \"${PODS_PODFILE_DIR_PATH}/Podfile.lock\" \"${PODS_ROOT}/Manifest.lock\" > /dev/null\nif [ $? != 0 ] ; then\n    # print error to STDERR\n    echo \"error: The sandbox is not in sync with the Podfile.lock. Run 'pod install' or update your CocoaPods installation.\" >&2\n    exit 1\nfi\n# This output is used by Xcode 'outputs' to avoid re-running this script phase.\necho \"SUCCESS\" > \"${SCRIPT_OUTPUT_FILE_0}\"\n";
			showEnvVarsInLog = 0;
		};
		7D8A766A3E4146A353E422F2 /* [CP] Check Pods Manifest.lock */ = {
			isa = PBXShellScriptBuildPhase;
			buildActionMask = 2147483647;
			files = (
			);
			inputFileListPaths = (
			);
			inputPaths = (
				"${PODS_PODFILE_DIR_PATH}/Podfile.lock",
				"${PODS_ROOT}/Manifest.lock",
			);
			name = "[CP] Check Pods Manifest.lock";
			outputFileListPaths = (
			);
			outputPaths = (
				"$(DERIVED_FILE_DIR)/Pods-JsonTransitionToModelTests-checkManifestLockResult.txt",
			);
			runOnlyForDeploymentPostprocessing = 0;
			shellPath = /bin/sh;
			shellScript = "diff \"${PODS_PODFILE_DIR_PATH}/Podfile.lock\" \"${PODS_ROOT}/Manifest.lock\" > /dev/null\nif [ $? != 0 ] ; then\n    # print error to STDERR\n    echo \"error: The sandbox is not in sync with the Podfile.lock. Run 'pod install' or update your CocoaPods installation.\" >&2\n    exit 1\nfi\n# This output is used by Xcode 'outputs' to avoid re-running this script phase.\necho \"SUCCESS\" > \"${SCRIPT_OUTPUT_FILE_0}\"\n";
			showEnvVarsInLog = 0;
		};
		83FAD2869B7A4F2BDBD7CD35 /* [CP] Check Pods Manifest.lock */ = {
			isa = PBXShellScriptBuildPhase;
			buildActionMask = 2147483647;
			files = (
			);
			inputFileListPaths = (
			);
			inputPaths = (
				"${PODS_PODFILE_DIR_PATH}/Podfile.lock",
				"${PODS_ROOT}/Manifest.lock",
			);
			name = "[CP] Check Pods Manifest.lock";
			outputFileListPaths = (
			);
			outputPaths = (
				"$(DERIVED_FILE_DIR)/Pods-JsonTransitionToModelUITests-checkManifestLockResult.txt",
			);
			runOnlyForDeploymentPostprocessing = 0;
			shellPath = /bin/sh;
			shellScript = "diff \"${PODS_PODFILE_DIR_PATH}/Podfile.lock\" \"${PODS_ROOT}/Manifest.lock\" > /dev/null\nif [ $? != 0 ] ; then\n    # print error to STDERR\n    echo \"error: The sandbox is not in sync with the Podfile.lock. Run 'pod install' or update your CocoaPods installation.\" >&2\n    exit 1\nfi\n# This output is used by Xcode 'outputs' to avoid re-running this script phase.\necho \"SUCCESS\" > \"${SCRIPT_OUTPUT_FILE_0}\"\n";
			showEnvVarsInLog = 0;
		};
/* End PBXShellScriptBuildPhase section */

/* Begin PBXSourcesBuildPhase section */
		DCC6453D217DA0B5008C8A46 /* Sources */ = {
			isa = PBXSourcesBuildPhase;
			buildActionMask = 2147483647;
			files = (
				DCC64549217DA0B5008C8A46 /* ViewController.m in Sources */,
				DCC64579217DA39A008C8A46 /* HeaderController.m in Sources */,
				DCF652DF21869FBA00DACECA /* GenerateFileHelper.m in Sources */,
				DCC64576217DA259008C8A46 /* MainSplitController.m in Sources */,
				DCC6457C217DA3AF008C8A46 /* ImplentController.m in Sources */,
				DCC64584217DA3E1008C8A46 /* MainFuncController.m in Sources */,
				DC8FE1DD21913A3A009BD458 /* First.m in Sources */,
				DCC64551217DA0B7008C8A46 /* main.m in Sources */,
				DCC64546217DA0B5008C8A46 /* AppDelegate.m in Sources */,
				DCF652E52186A33D00DACECA /* NSDate+Simple.m in Sources */,
			);
			runOnlyForDeploymentPostprocessing = 0;
		};
		DCC64553217DA0B8008C8A46 /* Sources */ = {
			isa = PBXSourcesBuildPhase;
			buildActionMask = 2147483647;
			files = (
				DCC6455C217DA0B8008C8A46 /* JsonTransitionToModelTests.m in Sources */,
			);
			runOnlyForDeploymentPostprocessing = 0;
		};
		DCC6455E217DA0B8008C8A46 /* Sources */ = {
			isa = PBXSourcesBuildPhase;
			buildActionMask = 2147483647;
			files = (
				DCC64567217DA0B8008C8A46 /* JsonTransitionToModelUITests.m in Sources */,
			);
			runOnlyForDeploymentPostprocessing = 0;
		};
/* End PBXSourcesBuildPhase section */

/* Begin PBXTargetDependency section */
		DCC64559217DA0B8008C8A46 /* PBXTargetDependency */ = {
			isa = PBXTargetDependency;
			target = DCC64540217DA0B5008C8A46 /* JsonTransitionToModel */;
			targetProxy = DCC64558217DA0B8008C8A46 /* PBXContainerItemProxy */;
		};
		DCC64564217DA0B8008C8A46 /* PBXTargetDependency */ = {
			isa = PBXTargetDependency;
			target = DCC64540217DA0B5008C8A46 /* JsonTransitionToModel */;
			targetProxy = DCC64563217DA0B8008C8A46 /* PBXContainerItemProxy */;
		};
/* End PBXTargetDependency section */

/* Begin PBXVariantGroup section */
		DCC6454C217DA0B7008C8A46 /* Main.storyboard */ = {
			isa = PBXVariantGroup;
			children = (
				DCC6454D217DA0B7008C8A46 /* Base */,
			);
			name = Main.storyboard;
			sourceTree = "<group>";
		};
/* End PBXVariantGroup section */

/* Begin XCBuildConfiguration section */
		DCC64569217DA0B8008C8A46 /* Debug */ = {
			isa = XCBuildConfiguration;
			buildSettings = {
				ALWAYS_SEARCH_USER_PATHS = NO;
				CLANG_ANALYZER_NONNULL = YES;
				CLANG_ANALYZER_NUMBER_OBJECT_CONVERSION = YES_AGGRESSIVE;
				CLANG_CXX_LANGUAGE_STANDARD = "gnu++14";
				CLANG_CXX_LIBRARY = "libc++";
				CLANG_ENABLE_MODULES = YES;
				CLANG_ENABLE_OBJC_ARC = YES;
				CLANG_ENABLE_OBJC_WEAK = YES;
				CLANG_WARN_BLOCK_CAPTURE_AUTORELEASING = YES;
				CLANG_WARN_BOOL_CONVERSION = YES;
				CLANG_WARN_COMMA = YES;
				CLANG_WARN_CONSTANT_CONVERSION = YES;
				CLANG_WARN_DEPRECATED_OBJC_IMPLEMENTATIONS = YES;
				CLANG_WARN_DIRECT_OBJC_ISA_USAGE = YES_ERROR;
				CLANG_WARN_DOCUMENTATION_COMMENTS = YES;
				CLANG_WARN_EMPTY_BODY = YES;
				CLANG_WARN_ENUM_CONVERSION = YES;
				CLANG_WARN_INFINITE_RECURSION = YES;
				CLANG_WARN_INT_CONVERSION = YES;
				CLANG_WARN_NON_LITERAL_NULL_CONVERSION = YES;
				CLANG_WARN_OBJC_IMPLICIT_RETAIN_SELF = YES;
				CLANG_WARN_OBJC_LITERAL_CONVERSION = YES;
				CLANG_WARN_OBJC_ROOT_CLASS = YES_ERROR;
				CLANG_WARN_RANGE_LOOP_ANALYSIS = YES;
				CLANG_WARN_STRICT_PROTOTYPES = YES;
				CLANG_WARN_SUSPICIOUS_MOVE = YES;
				CLANG_WARN_UNGUARDED_AVAILABILITY = YES_AGGRESSIVE;
				CLANG_WARN_UNREACHABLE_CODE = YES;
				CLANG_WARN__DUPLICATE_METHOD_MATCH = YES;
				CODE_SIGN_IDENTITY = "-";
				COPY_PHASE_STRIP = NO;
				DEBUG_INFORMATION_FORMAT = dwarf;
				ENABLE_STRICT_OBJC_MSGSEND = YES;
				ENABLE_TESTABILITY = YES;
				GCC_C_LANGUAGE_STANDARD = gnu11;
				GCC_DYNAMIC_NO_PIC = NO;
				GCC_NO_COMMON_BLOCKS = YES;
				GCC_OPTIMIZATION_LEVEL = 0;
				GCC_PREPROCESSOR_DEFINITIONS = (
					"DEBUG=1",
					"$(inherited)",
				);
				GCC_WARN_64_TO_32_BIT_CONVERSION = YES;
				GCC_WARN_ABOUT_RETURN_TYPE = YES_ERROR;
				GCC_WARN_UNDECLARED_SELECTOR = YES;
				GCC_WARN_UNINITIALIZED_AUTOS = YES_AGGRESSIVE;
				GCC_WARN_UNUSED_FUNCTION = YES;
				GCC_WARN_UNUSED_VARIABLE = YES;
				MACOSX_DEPLOYMENT_TARGET = 10.14;
				MTL_ENABLE_DEBUG_INFO = INCLUDE_SOURCE;
				MTL_FAST_MATH = YES;
				ONLY_ACTIVE_ARCH = YES;
				SDKROOT = macosx;
			};
			name = Debug;
		};
		DCC6456A217DA0B8008C8A46 /* Release */ = {
			isa = XCBuildConfiguration;
			buildSettings = {
				ALWAYS_SEARCH_USER_PATHS = NO;
				CLANG_ANALYZER_NONNULL = YES;
				CLANG_ANALYZER_NUMBER_OBJECT_CONVERSION = YES_AGGRESSIVE;
				CLANG_CXX_LANGUAGE_STANDARD = "gnu++14";
				CLANG_CXX_LIBRARY = "libc++";
				CLANG_ENABLE_MODULES = YES;
				CLANG_ENABLE_OBJC_ARC = YES;
				CLANG_ENABLE_OBJC_WEAK = YES;
				CLANG_WARN_BLOCK_CAPTURE_AUTORELEASING = YES;
				CLANG_WARN_BOOL_CONVERSION = YES;
				CLANG_WARN_COMMA = YES;
				CLANG_WARN_CONSTANT_CONVERSION = YES;
				CLANG_WARN_DEPRECATED_OBJC_IMPLEMENTATIONS = YES;
				CLANG_WARN_DIRECT_OBJC_ISA_USAGE = YES_ERROR;
				CLANG_WARN_DOCUMENTATION_COMMENTS = YES;
				CLANG_WARN_EMPTY_BODY = YES;
				CLANG_WARN_ENUM_CONVERSION = YES;
				CLANG_WARN_INFINITE_RECURSION = YES;
				CLANG_WARN_INT_CONVERSION = YES;
				CLANG_WARN_NON_LITERAL_NULL_CONVERSION = YES;
				CLANG_WARN_OBJC_IMPLICIT_RETAIN_SELF = YES;
				CLANG_WARN_OBJC_LITERAL_CONVERSION = YES;
				CLANG_WARN_OBJC_ROOT_CLASS = YES_ERROR;
				CLANG_WARN_RANGE_LOOP_ANALYSIS = YES;
				CLANG_WARN_STRICT_PROTOTYPES = YES;
				CLANG_WARN_SUSPICIOUS_MOVE = YES;
				CLANG_WARN_UNGUARDED_AVAILABILITY = YES_AGGRESSIVE;
				CLANG_WARN_UNREACHABLE_CODE = YES;
				CLANG_WARN__DUPLICATE_METHOD_MATCH = YES;
				CODE_SIGN_IDENTITY = "-";
				COPY_PHASE_STRIP = NO;
				DEBUG_INFORMATION_FORMAT = "dwarf-with-dsym";
				ENABLE_NS_ASSERTIONS = NO;
				ENABLE_STRICT_OBJC_MSGSEND = YES;
				GCC_C_LANGUAGE_STANDARD = gnu11;
				GCC_NO_COMMON_BLOCKS = YES;
				GCC_WARN_64_TO_32_BIT_CONVERSION = YES;
				GCC_WARN_ABOUT_RETURN_TYPE = YES_ERROR;
				GCC_WARN_UNDECLARED_SELECTOR = YES;
				GCC_WARN_UNINITIALIZED_AUTOS = YES_AGGRESSIVE;
				GCC_WARN_UNUSED_FUNCTION = YES;
				GCC_WARN_UNUSED_VARIABLE = YES;
				MACOSX_DEPLOYMENT_TARGET = 10.14;
				MTL_ENABLE_DEBUG_INFO = NO;
				MTL_FAST_MATH = YES;
				SDKROOT = macosx;
			};
			name = Release;
		};
		DCC6456C217DA0B8008C8A46 /* Debug */ = {
			isa = XCBuildConfiguration;
			baseConfigurationReference = 17E72230B2E8FE1333CB5F92 /* Pods-JsonTransitionToModel.debug.xcconfig */;
			buildSettings = {
				ASSETCATALOG_COMPILER_APPICON_NAME = AppIcon;
				CODE_SIGN_ENTITLEMENTS = JsonTransitionToModel/JsonTransitionToModel.entitlements;
				CODE_SIGN_STYLE = Automatic;
				COMBINE_HIDPI_IMAGES = YES;
				INFOPLIST_FILE = JsonTransitionToModel/Info.plist;
				LD_RUNPATH_SEARCH_PATHS = (
					"$(inherited)",
					"@executable_path/../Frameworks",
				);
				PRODUCT_BUNDLE_IDENTIFIER = langlib.JsonTransitionToModel;
				PRODUCT_NAME = "$(TARGET_NAME)";
			};
			name = Debug;
		};
		DCC6456D217DA0B8008C8A46 /* Release */ = {
			isa = XCBuildConfiguration;
			baseConfigurationReference = 09CB12D48D486BCD0A5E5472 /* Pods-JsonTransitionToModel.release.xcconfig */;
			buildSettings = {
				ASSETCATALOG_COMPILER_APPICON_NAME = AppIcon;
				CODE_SIGN_ENTITLEMENTS = JsonTransitionToModel/JsonTransitionToModel.entitlements;
				CODE_SIGN_STYLE = Automatic;
				COMBINE_HIDPI_IMAGES = YES;
				INFOPLIST_FILE = JsonTransitionToModel/Info.plist;
				LD_RUNPATH_SEARCH_PATHS = (
					"$(inherited)",
					"@executable_path/../Frameworks",
				);
				PRODUCT_BUNDLE_IDENTIFIER = langlib.JsonTransitionToModel;
				PRODUCT_NAME = "$(TARGET_NAME)";
			};
			name = Release;
		};
		DCC6456F217DA0B8008C8A46 /* Debug */ = {
			isa = XCBuildConfiguration;
			baseConfigurationReference = 1C086AF2908CD2EEC6D2C9B3 /* Pods-JsonTransitionToModelTests.debug.xcconfig */;
			buildSettings = {
				BUNDLE_LOADER = "$(TEST_HOST)";
				CODE_SIGN_STYLE = Automatic;
				COMBINE_HIDPI_IMAGES = YES;
				INFOPLIST_FILE = JsonTransitionToModelTests/Info.plist;
				LD_RUNPATH_SEARCH_PATHS = (
					"$(inherited)",
					"@executable_path/../Frameworks",
					"@loader_path/../Frameworks",
				);
				PRODUCT_BUNDLE_IDENTIFIER = langlib.JsonTransitionToModelTests;
				PRODUCT_NAME = "$(TARGET_NAME)";
				TEST_HOST = "$(BUILT_PRODUCTS_DIR)/JsonTransitionToModel.app/Contents/MacOS/JsonTransitionToModel";
			};
			name = Debug;
		};
		DCC64570217DA0B8008C8A46 /* Release */ = {
			isa = XCBuildConfiguration;
			baseConfigurationReference = 27534F325CE7C185A033ABCA /* Pods-JsonTransitionToModelTests.release.xcconfig */;
			buildSettings = {
				BUNDLE_LOADER = "$(TEST_HOST)";
				CODE_SIGN_STYLE = Automatic;
				COMBINE_HIDPI_IMAGES = YES;
				INFOPLIST_FILE = JsonTransitionToModelTests/Info.plist;
				LD_RUNPATH_SEARCH_PATHS = (
					"$(inherited)",
					"@executable_path/../Frameworks",
					"@loader_path/../Frameworks",
				);
				PRODUCT_BUNDLE_IDENTIFIER = langlib.JsonTransitionToModelTests;
				PRODUCT_NAME = "$(TARGET_NAME)";
				TEST_HOST = "$(BUILT_PRODUCTS_DIR)/JsonTransitionToModel.app/Contents/MacOS/JsonTransitionToModel";
			};
			name = Release;
		};
		DCC64572217DA0B8008C8A46 /* Debug */ = {
			isa = XCBuildConfiguration;
			baseConfigurationReference = 4B522A2ECC5617C69E33119F /* Pods-JsonTransitionToModelUITests.debug.xcconfig */;
			buildSettings = {
				CODE_SIGN_STYLE = Automatic;
				COMBINE_HIDPI_IMAGES = YES;
				INFOPLIST_FILE = JsonTransitionToModelUITests/Info.plist;
				LD_RUNPATH_SEARCH_PATHS = (
					"$(inherited)",
					"@executable_path/../Frameworks",
					"@loader_path/../Frameworks",
				);
				PRODUCT_BUNDLE_IDENTIFIER = langlib.JsonTransitionToModelUITests;
				PRODUCT_NAME = "$(TARGET_NAME)";
				TEST_TARGET_NAME = JsonTransitionToModel;
			};
			name = Debug;
		};
		DCC64573217DA0B8008C8A46 /* Release */ = {
			isa = XCBuildConfiguration;
			baseConfigurationReference = 5E33243BD6938BA5D74F9C0B /* Pods-JsonTransitionToModelUITests.release.xcconfig */;
			buildSettings = {
				CODE_SIGN_STYLE = Automatic;
				COMBINE_HIDPI_IMAGES = YES;
				INFOPLIST_FILE = JsonTransitionToModelUITests/Info.plist;
				LD_RUNPATH_SEARCH_PATHS = (
					"$(inherited)",
					"@executable_path/../Frameworks",
					"@loader_path/../Frameworks",
				);
				PRODUCT_BUNDLE_IDENTIFIER = langlib.JsonTransitionToModelUITests;
				PRODUCT_NAME = "$(TARGET_NAME)";
				TEST_TARGET_NAME = JsonTransitionToModel;
			};
			name = Release;
		};
/* End XCBuildConfiguration section */

/* Begin XCConfigurationList section */
		DCC6453C217DA0B5008C8A46 /* Build configuration list for PBXProject "JsonTransitionToModel" */ = {
			isa = XCConfigurationList;
			buildConfigurations = (
				DCC64569217DA0B8008C8A46 /* Debug */,
				DCC6456A217DA0B8008C8A46 /* Release */,
			);
			defaultConfigurationIsVisible = 0;
			defaultConfigurationName = Release;
		};
		DCC6456B217DA0B8008C8A46 /* Build configuration list for PBXNativeTarget "JsonTransitionToModel" */ = {
			isa = XCConfigurationList;
			buildConfigurations = (
				DCC6456C217DA0B8008C8A46 /* Debug */,
				DCC6456D217DA0B8008C8A46 /* Release */,
			);
			defaultConfigurationIsVisible = 0;
			defaultConfigurationName = Release;
		};
		DCC6456E217DA0B8008C8A46 /* Build configuration list for PBXNativeTarget "JsonTransitionToModelTests" */ = {
			isa = XCConfigurationList;
			buildConfigurations = (
				DCC6456F217DA0B8008C8A46 /* Debug */,
				DCC64570217DA0B8008C8A46 /* Release */,
			);
			defaultConfigurationIsVisible = 0;
			defaultConfigurationName = Release;
		};
		DCC64571217DA0B8008C8A46 /* Build configuration list for PBXNativeTarget "JsonTransitionToModelUITests" */ = {
			isa = XCConfigurationList;
			buildConfigurations = (
				DCC64572217DA0B8008C8A46 /* Debug */,
				DCC64573217DA0B8008C8A46 /* Release */,
			);
			defaultConfigurationIsVisible = 0;
			defaultConfigurationName = Release;
		};
/* End XCConfigurationList section */
	};
	rootObject = DCC64539217DA0B5008C8A46 /* Project object */;
}
